
Microsoft Visual Studio Solution File, Format Version 12.00
# Visual Studio Version 17
VisualStudioVersion = 17.2.32630.192
MinimumVisualStudioVersion = 10.0.40219.1
Project("{FAE04EC0-301F-11D3-BF4B-00C04F79EFBC}") = "Library.WebAPI", "Library.WebAPI\Library.WebAPI.csproj", "{AEB89B5A-EDC2-4426-A780-D5FDBF5DC6F7}"
EndProject
Global
	GlobalSection(SolutionConfigurationPlatforms) = preSolution
		Debug|Any CPU = Debug|Any CPU
		Release|Any CPU = Release|Any CPU
	EndGlobalSection
	GlobalSection(ProjectConfigurationPlatforms) = postSolution
		{AEB89B5A-EDC2-4426-A780-D5FDBF5DC6F7}.Debug|Any CPU.ActiveCfg = Debug|Any CPU
		{AEB89B5A-EDC2-4426-A780-D5FDBF5DC6F7}.Debug|Any CPU.Build.0 = Debug|Any CPU
		{AEB89B5A-EDC2-4426-A780-D5FDBF5DC6F7}.Release|Any CPU.ActiveCfg = Release|Any CPU
		{AEB89B5A-EDC2-4426-A780-D5FDBF5DC6F7}.Release|Any CPU.Build.0 = Release|Any CPU
	EndGlobalSection
	GlobalSection(SolutionProperties) = preSolution
		HideSolutionNode = FALSE
	EndGlobalSection
	GlobalSection(ExtensibilityGlobals) = postSolution
		SolutionGuid = {BD2B83A0-AF86-404B-9CEC-31FF0127B678}
	EndGlobalSection
EndGlobal
